
Microsoft Visual Studio Solution File, Format Version 12.00
# Visual Studio 14
VisualStudioVersion = 14.0.25420.1
MinimumVisualStudioVersion = 10.0.40219.1
Project("{FAE04EC0-301F-11D3-BF4B-00C04F79EFBC}") = "CSharpWinApp", "CSharpWinApp\CSharpWinApp.csproj", "{237A5AAB-9FB9-4278-9F70-19359D8779E5}"
EndProject
Project("{FAE04EC0-301F-11D3-BF4B-00C04F79EFBC}") = "CSharpWebMvc", "CSharpWebMvc\CSharpWebMvc.csproj", "{BCD09BFB-C153-43B8-B0CC-60053285F4F9}"
EndProject
Project("{FAE04EC0-301F-11D3-BF4B-00C04F79EFBC}") = "CSharpUtils", "CSharpUtils\CSharpUtils.csproj", "{F1516BE4-A252-4A04-9028-3CED13B023F5}"
EndProject
Project("{FAE04EC0-301F-11D3-BF4B-00C04F79EFBC}") = "CSharpConsoleApp", "CSharpConsoleApp\CSharpConsoleApp.csproj", "{1E7F8B86-0124-4502-847B-BCAA3AD6F556}"
EndProject
Project("{FAE04EC0-301F-11D3-BF4B-00C04F79EFBC}") = "Wechat.Util", "Wechat.Util\Wechat.Util.csproj", "{E7AD8243-FD86-452A-B8A0-06DF86B85CD8}"
EndProject
Project("{FAE04EC0-301F-11D3-BF4B-00C04F79EFBC}") = "Redis", "Redis\Redis.csproj", "{F8AFC11A-1923-4831-96E2-0A523F437107}"
EndProject
Project("{2150E333-8FDC-42A3-9474-1A3956D46DE8}") = "CSharp", "CSharp", "{D2124809-64D7-4918-8C88-A7670BB7AF79}"
EndProject
Project("{2150E333-8FDC-42A3-9474-1A3956D46DE8}") = "CPP", "CPP", "{EA2F31C1-14EF-4F1D-A457-5EB8236866C8}"
EndProject
Project("{8BC9CEB8-8B4A-11D0-8D11-00A0C91BC942}") = "QQLogin", "QQLogin\QQLogin.vcxproj", "{504843C0-7257-4A08-896D-DF610776DF14}"
EndProject
Project("{8BC9CEB8-8B4A-11D0-8D11-00A0C91BC942}") = "WinMsg", "WinMsg\WinMsg.vcxproj", "{2631FE37-4F73-431A-90D1-998DAB5E828C}"
EndProject
Project("{8BC9CEB8-8B4A-11D0-8D11-00A0C91BC942}") = "CppUtilLib", "CppUtilLib\CppUtilLib.vcxproj", "{A3153EE6-E98D-4140-B752-9DDF25712149}"
EndProject
Project("{8BC9CEB8-8B4A-11D0-8D11-00A0C91BC942}") = "SendMsg", "SendMsg\SendMsg.vcxproj", "{C67EBBBD-2351-473E-B689-A884CD14B9CC}"
EndProject
Project("{8BC9CEB8-8B4A-11D0-8D11-00A0C91BC942}") = "FindWnd", "FindWnd\FindWnd.vcxproj", "{45941D86-4EDA-4F1A-83FA-7C5A10D2741D}"
EndProject
Project("{8BC9CEB8-8B4A-11D0-8D11-00A0C91BC942}") = "Process", "Process\Process.vcxproj", "{8E0C965C-C2D4-4945-BB25-9EC8542A2070}"
EndProject
Global
	GlobalSection(SolutionConfigurationPlatforms) = preSolution
		Debug|Any CPU = Debug|Any CPU
		Debug|x64 = Debug|x64
		Debug|x86 = Debug|x86
		Release|Any CPU = Release|Any CPU
		Release|x64 = Release|x64
		Release|x86 = Release|x86
	EndGlobalSection
	GlobalSection(ProjectConfigurationPlatforms) = postSolution
		{237A5AAB-9FB9-4278-9F70-19359D8779E5}.Debug|Any CPU.ActiveCfg = Debug|Any CPU
		{237A5AAB-9FB9-4278-9F70-19359D8779E5}.Debug|Any CPU.Build.0 = Debug|Any CPU
		{237A5AAB-9FB9-4278-9F70-19359D8779E5}.Debug|x64.ActiveCfg = Debug|Any CPU
		{237A5AAB-9FB9-4278-9F70-19359D8779E5}.Debug|x64.Build.0 = Debug|Any CPU
		{237A5AAB-9FB9-4278-9F70-19359D8779E5}.Debug|x86.ActiveCfg = Debug|Any CPU
		{237A5AAB-9FB9-4278-9F70-19359D8779E5}.Debug|x86.Build.0 = Debug|Any CPU
		{237A5AAB-9FB9-4278-9F70-19359D8779E5}.Release|Any CPU.ActiveCfg = Release|Any CPU
		{237A5AAB-9FB9-4278-9F70-19359D8779E5}.Release|Any CPU.Build.0 = Release|Any CPU
		{237A5AAB-9FB9-4278-9F70-19359D8779E5}.Release|x64.ActiveCfg = Release|Any CPU
		{237A5AAB-9FB9-4278-9F70-19359D8779E5}.Release|x64.Build.0 = Release|Any CPU
		{237A5AAB-9FB9-4278-9F70-19359D8779E5}.Release|x86.ActiveCfg = Release|Any CPU
		{237A5AAB-9FB9-4278-9F70-19359D8779E5}.Release|x86.Build.0 = Release|Any CPU
		{BCD09BFB-C153-43B8-B0CC-60053285F4F9}.Debug|Any CPU.ActiveCfg = Debug|Any CPU
		{BCD09BFB-C153-43B8-B0CC-60053285F4F9}.Debug|Any CPU.Build.0 = Debug|Any CPU
		{BCD09BFB-C153-43B8-B0CC-60053285F4F9}.Debug|x64.ActiveCfg = Debug|Any CPU
		{BCD09BFB-C153-43B8-B0CC-60053285F4F9}.Debug|x64.Build.0 = Debug|Any CPU
		{BCD09BFB-C153-43B8-B0CC-60053285F4F9}.Debug|x86.ActiveCfg = Debug|Any CPU
		{BCD09BFB-C153-43B8-B0CC-60053285F4F9}.Debug|x86.Build.0 = Debug|Any CPU
		{BCD09BFB-C153-43B8-B0CC-60053285F4F9}.Release|Any CPU.ActiveCfg = Release|Any CPU
		{BCD09BFB-C153-43B8-B0CC-60053285F4F9}.Release|Any CPU.Build.0 = Release|Any CPU
		{BCD09BFB-C153-43B8-B0CC-60053285F4F9}.Release|x64.ActiveCfg = Release|Any CPU
		{BCD09BFB-C153-43B8-B0CC-60053285F4F9}.Release|x64.Build.0 = Release|Any CPU
		{BCD09BFB-C153-43B8-B0CC-60053285F4F9}.Release|x86.ActiveCfg = Release|Any CPU
		{BCD09BFB-C153-43B8-B0CC-60053285F4F9}.Release|x86.Build.0 = Release|Any CPU
		{F1516BE4-A252-4A04-9028-3CED13B023F5}.Debug|Any CPU.ActiveCfg = Debug|Any CPU
		{F1516BE4-A252-4A04-9028-3CED13B023F5}.Debug|Any CPU.Build.0 = Debug|Any CPU
		{F1516BE4-A252-4A04-9028-3CED13B023F5}.Debug|x64.ActiveCfg = Debug|Any CPU
		{F1516BE4-A252-4A04-9028-3CED13B023F5}.Debug|x64.Build.0 = Debug|Any CPU
		{F1516BE4-A252-4A04-9028-3CED13B023F5}.Debug|x86.ActiveCfg = Debug|Any CPU
		{F1516BE4-A252-4A04-9028-3CED13B023F5}.Debug|x86.Build.0 = Debug|Any CPU
		{F1516BE4-A252-4A04-9028-3CED13B023F5}.Release|Any CPU.ActiveCfg = Release|Any CPU
		{F1516BE4-A252-4A04-9028-3CED13B023F5}.Release|Any CPU.Build.0 = Release|Any CPU
		{F1516BE4-A252-4A04-9028-3CED13B023F5}.Release|x64.ActiveCfg = Release|Any CPU
		{F1516BE4-A252-4A04-9028-3CED13B023F5}.Release|x64.Build.0 = Release|Any CPU
		{F1516BE4-A252-4A04-9028-3CED13B023F5}.Release|x86.ActiveCfg = Release|Any CPU
		{F1516BE4-A252-4A04-9028-3CED13B023F5}.Release|x86.Build.0 = Release|Any CPU
		{1E7F8B86-0124-4502-847B-BCAA3AD6F556}.Debug|Any CPU.ActiveCfg = Debug|Any CPU
		{1E7F8B86-0124-4502-847B-BCAA3AD6F556}.Debug|Any CPU.Build.0 = Debug|Any CPU
		{1E7F8B86-0124-4502-847B-BCAA3AD6F556}.Debug|x64.ActiveCfg = Debug|Any CPU
		{1E7F8B86-0124-4502-847B-BCAA3AD6F556}.Debug|x64.Build.0 = Debug|Any CPU
		{1E7F8B86-0124-4502-847B-BCAA3AD6F556}.Debug|x86.ActiveCfg = Debug|Any CPU
		{1E7F8B86-0124-4502-847B-BCAA3AD6F556}.Debug|x86.Build.0 = Debug|Any CPU
		{1E7F8B86-0124-4502-847B-BCAA3AD6F556}.Release|Any CPU.ActiveCfg = Release|Any CPU
		{1E7F8B86-0124-4502-847B-BCAA3AD6F556}.Release|Any CPU.Build.0 = Release|Any CPU
		{1E7F8B86-0124-4502-847B-BCAA3AD6F556}.Release|x64.ActiveCfg = Release|Any CPU
		{1E7F8B86-0124-4502-847B-BCAA3AD6F556}.Release|x64.Build.0 = Release|Any CPU
		{1E7F8B86-0124-4502-847B-BCAA3AD6F556}.Release|x86.ActiveCfg = Release|Any CPU
		{1E7F8B86-0124-4502-847B-BCAA3AD6F556}.Release|x86.Build.0 = Release|Any CPU
		{E7AD8243-FD86-452A-B8A0-06DF86B85CD8}.Debug|Any CPU.ActiveCfg = Debug|Any CPU
		{E7AD8243-FD86-452A-B8A0-06DF86B85CD8}.Debug|Any CPU.Build.0 = Debug|Any CPU
		{E7AD8243-FD86-452A-B8A0-06DF86B85CD8}.Debug|x64.ActiveCfg = Debug|Any CPU
		{E7AD8243-FD86-452A-B8A0-06DF86B85CD8}.Debug|x64.Build.0 = Debug|Any CPU
		{E7AD8243-FD86-452A-B8A0-06DF86B85CD8}.Debug|x86.ActiveCfg = Debug|Any CPU
		{E7AD8243-FD86-452A-B8A0-06DF86B85CD8}.Debug|x86.Build.0 = Debug|Any CPU
		{E7AD8243-FD86-452A-B8A0-06DF86B85CD8}.Release|Any CPU.ActiveCfg = Release|Any CPU
		{E7AD8243-FD86-452A-B8A0-06DF86B85CD8}.Release|Any CPU.Build.0 = Release|Any CPU
		{E7AD8243-FD86-452A-B8A0-06DF86B85CD8}.Release|x64.ActiveCfg = Release|Any CPU
		{E7AD8243-FD86-452A-B8A0-06DF86B85CD8}.Release|x64.Build.0 = Release|Any CPU
		{E7AD8243-FD86-452A-B8A0-06DF86B85CD8}.Release|x86.ActiveCfg = Release|Any CPU
		{E7AD8243-FD86-452A-B8A0-06DF86B85CD8}.Release|x86.Build.0 = Release|Any CPU
		{F8AFC11A-1923-4831-96E2-0A523F437107}.Debug|Any CPU.ActiveCfg = Debug|Any CPU
		{F8AFC11A-1923-4831-96E2-0A523F437107}.Debug|Any CPU.Build.0 = Debug|Any CPU
		{F8AFC11A-1923-4831-96E2-0A523F437107}.Debug|x64.ActiveCfg = Debug|Any CPU
		{F8AFC11A-1923-4831-96E2-0A523F437107}.Debug|x64.Build.0 = Debug|Any CPU
		{F8AFC11A-1923-4831-96E2-0A523F437107}.Debug|x86.ActiveCfg = Debug|Any CPU
		{F8AFC11A-1923-4831-96E2-0A523F437107}.Debug|x86.Build.0 = Debug|Any CPU
		{F8AFC11A-1923-4831-96E2-0A523F437107}.Release|Any CPU.ActiveCfg = Release|Any CPU
		{F8AFC11A-1923-4831-96E2-0A523F437107}.Release|Any CPU.Build.0 = Release|Any CPU
		{F8AFC11A-1923-4831-96E2-0A523F437107}.Release|x64.ActiveCfg = Release|Any CPU
		{F8AFC11A-1923-4831-96E2-0A523F437107}.Release|x64.Build.0 = Release|Any CPU
		{F8AFC11A-1923-4831-96E2-0A523F437107}.Release|x86.ActiveCfg = Release|Any CPU
		{F8AFC11A-1923-4831-96E2-0A523F437107}.Release|x86.Build.0 = Release|Any CPU
		{504843C0-7257-4A08-896D-DF610776DF14}.Debug|Any CPU.ActiveCfg = Debug|Win32
		{504843C0-7257-4A08-896D-DF610776DF14}.Debug|x64.ActiveCfg = Debug|x64
		{504843C0-7257-4A08-896D-DF610776DF14}.Debug|x64.Build.0 = Debug|x64
		{504843C0-7257-4A08-896D-DF610776DF14}.Debug|x86.ActiveCfg = Debug|Win32
		{504843C0-7257-4A08-896D-DF610776DF14}.Debug|x86.Build.0 = Debug|Win32
		{504843C0-7257-4A08-896D-DF610776DF14}.Release|Any CPU.ActiveCfg = Release|Win32
		{504843C0-7257-4A08-896D-DF610776DF14}.Release|x64.ActiveCfg = Release|x64
		{504843C0-7257-4A08-896D-DF610776DF14}.Release|x64.Build.0 = Release|x64
		{504843C0-7257-4A08-896D-DF610776DF14}.Release|x86.ActiveCfg = Release|Win32
		{504843C0-7257-4A08-896D-DF610776DF14}.Release|x86.Build.0 = Release|Win32
		{2631FE37-4F73-431A-90D1-998DAB5E828C}.Debug|Any CPU.ActiveCfg = Debug|Win32
		{2631FE37-4F73-431A-90D1-998DAB5E828C}.Debug|x64.ActiveCfg = Debug|x64
		{2631FE37-4F73-431A-90D1-998DAB5E828C}.Debug|x64.Build.0 = Debug|x64
		{2631FE37-4F73-431A-90D1-998DAB5E828C}.Debug|x86.ActiveCfg = Debug|Win32
		{2631FE37-4F73-431A-90D1-998DAB5E828C}.Debug|x86.Build.0 = Debug|Win32
		{2631FE37-4F73-431A-90D1-998DAB5E828C}.Release|Any CPU.ActiveCfg = Release|Win32
		{2631FE37-4F73-431A-90D1-998DAB5E828C}.Release|x64.ActiveCfg = Release|x64
		{2631FE37-4F73-431A-90D1-998DAB5E828C}.Release|x64.Build.0 = Release|x64
		{2631FE37-4F73-431A-90D1-998DAB5E828C}.Release|x86.ActiveCfg = Release|Win32
		{2631FE37-4F73-431A-90D1-998DAB5E828C}.Release|x86.Build.0 = Release|Win32
		{A3153EE6-E98D-4140-B752-9DDF25712149}.Debug|Any CPU.ActiveCfg = Debug|Win32
		{A3153EE6-E98D-4140-B752-9DDF25712149}.Debug|x64.ActiveCfg = Debug|x64
		{A3153EE6-E98D-4140-B752-9DDF25712149}.Debug|x64.Build.0 = Debug|x64
		{A3153EE6-E98D-4140-B752-9DDF25712149}.Debug|x86.ActiveCfg = Debug|Win32
		{A3153EE6-E98D-4140-B752-9DDF25712149}.Debug|x86.Build.0 = Debug|Win32
		{A3153EE6-E98D-4140-B752-9DDF25712149}.Release|Any CPU.ActiveCfg = Release|Win32
		{A3153EE6-E98D-4140-B752-9DDF25712149}.Release|x64.ActiveCfg = Release|x64
		{A3153EE6-E98D-4140-B752-9DDF25712149}.Release|x64.Build.0 = Release|x64
		{A3153EE6-E98D-4140-B752-9DDF25712149}.Release|x86.ActiveCfg = Release|Win32
		{A3153EE6-E98D-4140-B752-9DDF25712149}.Release|x86.Build.0 = Release|Win32
		{C67EBBBD-2351-473E-B689-A884CD14B9CC}.Debug|Any CPU.ActiveCfg = Debug|Win32
		{C67EBBBD-2351-473E-B689-A884CD14B9CC}.Debug|x64.ActiveCfg = Debug|x64
		{C67EBBBD-2351-473E-B689-A884CD14B9CC}.Debug|x64.Build.0 = Debug|x64
		{C67EBBBD-2351-473E-B689-A884CD14B9CC}.Debug|x86.ActiveCfg = Debug|Win32
		{C67EBBBD-2351-473E-B689-A884CD14B9CC}.Debug|x86.Build.0 = Debug|Win32
		{C67EBBBD-2351-473E-B689-A884CD14B9CC}.Release|Any CPU.ActiveCfg = Release|Win32
		{C67EBBBD-2351-473E-B689-A884CD14B9CC}.Release|x64.ActiveCfg = Release|x64
		{C67EBBBD-2351-473E-B689-A884CD14B9CC}.Release|x64.Build.0 = Release|x64
		{C67EBBBD-2351-473E-B689-A884CD14B9CC}.Release|x86.ActiveCfg = Release|Win32
		{C67EBBBD-2351-473E-B689-A884CD14B9CC}.Release|x86.Build.0 = Release|Win32
		{45941D86-4EDA-4F1A-83FA-7C5A10D2741D}.Debug|Any CPU.ActiveCfg = Debug|Win32
		{45941D86-4EDA-4F1A-83FA-7C5A10D2741D}.Debug|x64.ActiveCfg = Debug|x64
		{45941D86-4EDA-4F1A-83FA-7C5A10D2741D}.Debug|x64.Build.0 = Debug|x64
		{45941D86-4EDA-4F1A-83FA-7C5A10D2741D}.Debug|x86.ActiveCfg = Debug|Win32
		{45941D86-4EDA-4F1A-83FA-7C5A10D2741D}.Debug|x86.Build.0 = Debug|Win32
		{45941D86-4EDA-4F1A-83FA-7C5A10D2741D}.Release|Any CPU.ActiveCfg = Release|Win32
		{45941D86-4EDA-4F1A-83FA-7C5A10D2741D}.Release|x64.ActiveCfg = Release|x64
		{45941D86-4EDA-4F1A-83FA-7C5A10D2741D}.Release|x64.Build.0 = Release|x64
		{45941D86-4EDA-4F1A-83FA-7C5A10D2741D}.Release|x86.ActiveCfg = Release|Win32
		{45941D86-4EDA-4F1A-83FA-7C5A10D2741D}.Release|x86.Build.0 = Release|Win32
		{8E0C965C-C2D4-4945-BB25-9EC8542A2070}.Debug|Any CPU.ActiveCfg = Debug|Win32
		{8E0C965C-C2D4-4945-BB25-9EC8542A2070}.Debug|x64.ActiveCfg = Debug|x64
		{8E0C965C-C2D4-4945-BB25-9EC8542A2070}.Debug|x64.Build.0 = Debug|x64
		{8E0C965C-C2D4-4945-BB25-9EC8542A2070}.Debug|x86.ActiveCfg = Debug|Win32
		{8E0C965C-C2D4-4945-BB25-9EC8542A2070}.Debug|x86.Build.0 = Debug|Win32
		{8E0C965C-C2D4-4945-BB25-9EC8542A2070}.Release|Any CPU.ActiveCfg = Release|Win32
		{8E0C965C-C2D4-4945-BB25-9EC8542A2070}.Release|x64.ActiveCfg = Release|x64
		{8E0C965C-C2D4-4945-BB25-9EC8542A2070}.Release|x64.Build.0 = Release|x64
		{8E0C965C-C2D4-4945-BB25-9EC8542A2070}.Release|x86.ActiveCfg = Release|Win32
		{8E0C965C-C2D4-4945-BB25-9EC8542A2070}.Release|x86.Build.0 = Release|Win32
	EndGlobalSection
	GlobalSection(SolutionProperties) = preSolution
		HideSolutionNode = FALSE
	EndGlobalSection
	GlobalSection(NestedProjects) = preSolution
		{237A5AAB-9FB9-4278-9F70-19359D8779E5} = {D2124809-64D7-4918-8C88-A7670BB7AF79}
		{BCD09BFB-C153-43B8-B0CC-60053285F4F9} = {D2124809-64D7-4918-8C88-A7670BB7AF79}
		{F1516BE4-A252-4A04-9028-3CED13B023F5} = {D2124809-64D7-4918-8C88-A7670BB7AF79}
		{1E7F8B86-0124-4502-847B-BCAA3AD6F556} = {D2124809-64D7-4918-8C88-A7670BB7AF79}
		{E7AD8243-FD86-452A-B8A0-06DF86B85CD8} = {D2124809-64D7-4918-8C88-A7670BB7AF79}
		{F8AFC11A-1923-4831-96E2-0A523F437107} = {D2124809-64D7-4918-8C88-A7670BB7AF79}
		{504843C0-7257-4A08-896D-DF610776DF14} = {EA2F31C1-14EF-4F1D-A457-5EB8236866C8}
		{2631FE37-4F73-431A-90D1-998DAB5E828C} = {EA2F31C1-14EF-4F1D-A457-5EB8236866C8}
		{A3153EE6-E98D-4140-B752-9DDF25712149} = {EA2F31C1-14EF-4F1D-A457-5EB8236866C8}
		{C67EBBBD-2351-473E-B689-A884CD14B9CC} = {EA2F31C1-14EF-4F1D-A457-5EB8236866C8}
		{45941D86-4EDA-4F1A-83FA-7C5A10D2741D} = {EA2F31C1-14EF-4F1D-A457-5EB8236866C8}
		{8E0C965C-C2D4-4945-BB25-9EC8542A2070} = {EA2F31C1-14EF-4F1D-A457-5EB8236866C8}
	EndGlobalSection
EndGlobal
