
Microsoft Visual Studio Solution File, Format Version 12.00
# Visual Studio 14
VisualStudioVersion = 14.0.25420.1
MinimumVisualStudioVersion = 10.0.40219.1
Project("{FAE04EC0-301F-11D3-BF4B-00C04F79EFBC}") = "CSharpWinApp", "CSharpWinApp\CSharpWinApp.csproj", "{237A5AAB-9FB9-4278-9F70-19359D8779E5}"
EndProject
Project("{FAE04EC0-301F-11D3-BF4B-00C04F79EFBC}") = "CSharpWebMvc", "CSharpWebMvc\CSharpWebMvc.csproj", "{BCD09BFB-C153-43B8-B0CC-60053285F4F9}"
EndProject
Project("{FAE04EC0-301F-11D3-BF4B-00C04F79EFBC}") = "CSharpUtils", "CSharpUtils\CSharpUtils.csproj", "{F1516BE4-A252-4A04-9028-3CED13B023F5}"
EndProject
Global
	GlobalSection(SolutionConfigurationPlatforms) = preSolution
		Debug|Any CPU = Debug|Any CPU
		Release|Any CPU = Release|Any CPU
	EndGlobalSection
	GlobalSection(ProjectConfigurationPlatforms) = postSolution
		{237A5AAB-9FB9-4278-9F70-19359D8779E5}.Debug|Any CPU.ActiveCfg = Debug|Any CPU
		{237A5AAB-9FB9-4278-9F70-19359D8779E5}.Debug|Any CPU.Build.0 = Debug|Any CPU
		{237A5AAB-9FB9-4278-9F70-19359D8779E5}.Release|Any CPU.ActiveCfg = Release|Any CPU
		{237A5AAB-9FB9-4278-9F70-19359D8779E5}.Release|Any CPU.Build.0 = Release|Any CPU
		{BCD09BFB-C153-43B8-B0CC-60053285F4F9}.Debug|Any CPU.ActiveCfg = Debug|Any CPU
		{BCD09BFB-C153-43B8-B0CC-60053285F4F9}.Debug|Any CPU.Build.0 = Debug|Any CPU
		{BCD09BFB-C153-43B8-B0CC-60053285F4F9}.Release|Any CPU.ActiveCfg = Release|Any CPU
		{BCD09BFB-C153-43B8-B0CC-60053285F4F9}.Release|Any CPU.Build.0 = Release|Any CPU
		{F1516BE4-A252-4A04-9028-3CED13B023F5}.Debug|Any CPU.ActiveCfg = Debug|Any CPU
		{F1516BE4-A252-4A04-9028-3CED13B023F5}.Debug|Any CPU.Build.0 = Debug|Any CPU
		{F1516BE4-A252-4A04-9028-3CED13B023F5}.Release|Any CPU.ActiveCfg = Release|Any CPU
		{F1516BE4-A252-4A04-9028-3CED13B023F5}.Release|Any CPU.Build.0 = Release|Any CPU
	EndGlobalSection
	GlobalSection(SolutionProperties) = preSolution
		HideSolutionNode = FALSE
	EndGlobalSection
EndGlobal
