
Microsoft Visual Studio Solution File, Format Version 12.00
# Visual Studio 14
VisualStudioVersion = 14.0.25420.1
MinimumVisualStudioVersion = 10.0.40219.1
Project("{FAE04EC0-301F-11D3-BF4B-00C04F79EFBC}") = "ToolFairy", "ToolFairy\ToolFairy.csproj", "{FC4A0555-3BD0-47E0-BE80-EBE5125E455E}"
EndProject
Project("{FAE04EC0-301F-11D3-BF4B-00C04F79EFBC}") = "CSharpUtils", "..\..\..\git\FirstTest\CSharpUtils\CSharpUtils.csproj", "{F1516BE4-A252-4A04-9028-3CED13B023F5}"
EndProject
Global
	GlobalSection(SolutionConfigurationPlatforms) = preSolution
		Debug|Any CPU = Debug|Any CPU
		Release|Any CPU = Release|Any CPU
	EndGlobalSection
	GlobalSection(ProjectConfigurationPlatforms) = postSolution
		{FC4A0555-3BD0-47E0-BE80-EBE5125E455E}.Debug|Any CPU.ActiveCfg = Debug|Any CPU
		{FC4A0555-3BD0-47E0-BE80-EBE5125E455E}.Debug|Any CPU.Build.0 = Debug|Any CPU
		{FC4A0555-3BD0-47E0-BE80-EBE5125E455E}.Release|Any CPU.ActiveCfg = Release|Any CPU
		{FC4A0555-3BD0-47E0-BE80-EBE5125E455E}.Release|Any CPU.Build.0 = Release|Any CPU
		{F1516BE4-A252-4A04-9028-3CED13B023F5}.Debug|Any CPU.ActiveCfg = Debug|Any CPU
		{F1516BE4-A252-4A04-9028-3CED13B023F5}.Debug|Any CPU.Build.0 = Debug|Any CPU
		{F1516BE4-A252-4A04-9028-3CED13B023F5}.Release|Any CPU.ActiveCfg = Release|Any CPU
		{F1516BE4-A252-4A04-9028-3CED13B023F5}.Release|Any CPU.Build.0 = Release|Any CPU
	EndGlobalSection
	GlobalSection(SolutionProperties) = preSolution
		HideSolutionNode = FALSE
	EndGlobalSection
EndGlobal
