<?xml version="1.0" encoding="utf-8"?>
<Project ToolsVersion="4.0" xmlns="http://schemas.microsoft.com/developer/msbuild/2003">
  <ItemGroup>
    <Filter Include="源文件">
      <UniqueIdentifier>{4FC737F1-C7A5-4376-A066-2A32D752A2FF}</UniqueIdentifier>
      <Extensions>cpp;c;cc;cxx;def;odl;idl;hpj;bat;asm;asmx</Extensions>
    </Filter>
    <Filter Include="头文件">
      <UniqueIdentifier>{93995380-89BD-4b04-88EB-625FBE52EBFB}</UniqueIdentifier>
      <Extensions>h;hh;hpp;hxx;hm;inl;inc;xsd</Extensions>
    </Filter>
    <Filter Include="资源文件">
      <UniqueIdentifier>{67DA6AB6-F800-4c08-8B7A-83BB121AAD01}</UniqueIdentifier>
      <Extensions>rc;ico;cur;bmp;dlg;rc2;rct;bin;rgs;gif;jpg;jpeg;jpe;resx;tiff;tif;png;wav;mfcribbon-ms</Extensions>
    </Filter>
  </ItemGroup>
  <ItemGroup>
    <Text Include="ReadMe.txt" />
  </ItemGroup>
  <ItemGroup>
    <ClInclude Include="stdafx.h">
      <Filter>头文件</Filter>
    </ClInclude>
    <ClInclude Include="targetver.h">
      <Filter>头文件</Filter>
    </ClInclude>
    <ClInclude Include="TimeTest.h">
      <Filter>头文件</Filter>
    </ClInclude>
    <ClInclude Include="MapTest.h">
      <Filter>头文件</Filter>
    </ClInclude>
    <ClInclude Include="DeskTest.h">
      <Filter>头文件</Filter>
    </ClInclude>
    <ClInclude Include="StdThreadTest.h">
      <Filter>头文件</Filter>
    </ClInclude>
    <ClInclude Include="SystemTest.h">
      <Filter>头文件</Filter>
    </ClInclude>
    <ClInclude Include="PortTest.h">
      <Filter>头文件</Filter>
    </ClInclude>
    <ClInclude Include="StrTest.h">
      <Filter>头文件</Filter>
    </ClInclude>
    <ClInclude Include="WinHttpTest.h">
      <Filter>头文件</Filter>
    </ClInclude>
    <ClInclude Include="AtlStringTest.h">
      <Filter>头文件</Filter>
    </ClInclude>
    <ClInclude Include="ThreadTest2.h">
      <Filter>头文件</Filter>
    </ClInclude>
    <ClInclude Include="TryTest.h">
      <Filter>头文件</Filter>
    </ClInclude>
    <ClInclude Include="RandTest.h">
      <Filter>头文件</Filter>
    </ClInclude>
  </ItemGroup>
  <ItemGroup>
    <ClCompile Include="stdafx.cpp">
      <Filter>源文件</Filter>
    </ClCompile>
    <ClCompile Include="Win32ConsoleApplication.cpp">
      <Filter>源文件</Filter>
    </ClCompile>
    <ClCompile Include="TimeTest.cpp">
      <Filter>源文件</Filter>
    </ClCompile>
    <ClCompile Include="MapTest.cpp">
      <Filter>源文件</Filter>
    </ClCompile>
    <ClCompile Include="DeskTest.cpp">
      <Filter>源文件</Filter>
    </ClCompile>
    <ClCompile Include="StdThreadTest.cpp">
      <Filter>源文件</Filter>
    </ClCompile>
    <ClCompile Include="SystemTest.cpp">
      <Filter>源文件</Filter>
    </ClCompile>
    <ClCompile Include="PortTest.cpp">
      <Filter>源文件</Filter>
    </ClCompile>
    <ClCompile Include="StrTest.cpp">
      <Filter>源文件</Filter>
    </ClCompile>
    <ClCompile Include="WinHttpTest.cpp">
      <Filter>源文件</Filter>
    </ClCompile>
    <ClCompile Include="AtlStringTest.cpp">
      <Filter>源文件</Filter>
    </ClCompile>
    <ClCompile Include="ThreadTest2.cpp">
      <Filter>源文件</Filter>
    </ClCompile>
    <ClCompile Include="TryTest.cpp">
      <Filter>源文件</Filter>
    </ClCompile>
    <ClCompile Include="RandTest.cpp">
      <Filter>源文件</Filter>
    </ClCompile>
  </ItemGroup>
</Project>