<?xml version="1.0" encoding="utf-8"?>
<Project ToolsVersion="4.0" xmlns="http://schemas.microsoft.com/developer/msbuild/2003">
  <ItemGroup>
    <Filter Include="源文件">
      <UniqueIdentifier>{4FC737F1-C7A5-4376-A066-2A32D752A2FF}</UniqueIdentifier>
      <Extensions>cpp;c;cc;cxx;def;odl;idl;hpj;bat;asm;asmx</Extensions>
    </Filter>
    <Filter Include="头文件">
      <UniqueIdentifier>{93995380-89BD-4b04-88EB-625FBE52EBFB}</UniqueIdentifier>
      <Extensions>h;hh;hpp;hxx;hm;inl;inc;xsd</Extensions>
    </Filter>
    <Filter Include="资源文件">
      <UniqueIdentifier>{67DA6AB6-F800-4c08-8B7A-83BB121AAD01}</UniqueIdentifier>
      <Extensions>rc;ico;cur;bmp;dlg;rc2;rct;bin;rgs;gif;jpg;jpeg;jpe;resx;tiff;tif;png;wav;mfcribbon-ms</Extensions>
    </Filter>
  </ItemGroup>
  <ItemGroup>
    <Text Include="ReadMe.txt" />
  </ItemGroup>
  <ItemGroup>
    <ClInclude Include="stdafx.h">
      <Filter>头文件</Filter>
    </ClInclude>
    <ClInclude Include="targetver.h">
      <Filter>头文件</Filter>
    </ClInclude>
    <ClInclude Include="SysPath.h">
      <Filter>头文件</Filter>
    </ClInclude>
    <ClInclude Include="Base64Coding.h">
      <Filter>头文件</Filter>
    </ClInclude>
    <ClInclude Include="Log.h">
      <Filter>头文件</Filter>
    </ClInclude>
    <ClInclude Include="MD5.h">
      <Filter>头文件</Filter>
    </ClInclude>
    <ClInclude Include="StringUtil.h">
      <Filter>头文件</Filter>
    </ClInclude>
    <ClInclude Include="ITcpServer.h">
      <Filter>头文件</Filter>
    </ClInclude>
    <ClInclude Include="IBroadcastServer.h">
      <Filter>头文件</Filter>
    </ClInclude>
    <ClInclude Include="NetBroadcast.h">
      <Filter>头文件</Filter>
    </ClInclude>
    <ClInclude Include="NetFtp.h">
      <Filter>头文件</Filter>
    </ClInclude>
    <ClInclude Include="NetHttp.h">
      <Filter>头文件</Filter>
    </ClInclude>
    <ClInclude Include="NetSocket.h">
      <Filter>头文件</Filter>
    </ClInclude>
    <ClInclude Include="NetTcp.h">
      <Filter>头文件</Filter>
    </ClInclude>
    <ClInclude Include="NetUdp.h">
      <Filter>头文件</Filter>
    </ClInclude>
    <ClInclude Include="Network.h">
      <Filter>头文件</Filter>
    </ClInclude>
    <ClInclude Include="NIC.h">
      <Filter>头文件</Filter>
    </ClInclude>
    <ClInclude Include="Ping.h">
      <Filter>头文件</Filter>
    </ClInclude>
    <ClInclude Include="RegManager.h">
      <Filter>头文件</Filter>
    </ClInclude>
    <ClInclude Include="SmartPoint.h">
      <Filter>头文件</Filter>
    </ClInclude>
    <ClInclude Include="SystemInfo.h">
      <Filter>头文件</Filter>
    </ClInclude>
    <ClInclude Include="Utils.h">
      <Filter>头文件</Filter>
    </ClInclude>
    <ClInclude Include="FileUtil.h">
      <Filter>头文件</Filter>
    </ClInclude>
    <ClInclude Include="IUdpServer.h">
      <Filter>头文件</Filter>
    </ClInclude>
    <ClInclude Include="AES.h">
      <Filter>头文件</Filter>
    </ClInclude>
    <ClInclude Include="AESEncryptor.h">
      <Filter>头文件</Filter>
    </ClInclude>
    <ClInclude Include="Smtp.h">
      <Filter>头文件</Filter>
    </ClInclude>
    <ClInclude Include="HardDisk.h">
      <Filter>头文件</Filter>
    </ClInclude>
    <ClInclude Include="TimeUtil.h">
      <Filter>头文件</Filter>
    </ClInclude>
    <ClInclude Include="ClipboardUtil.h">
      <Filter>头文件</Filter>
    </ClInclude>
    <ClInclude Include="FileCrypto.h">
      <Filter>头文件</Filter>
    </ClInclude>
  </ItemGroup>
  <ItemGroup>
    <ClCompile Include="stdafx.cpp">
      <Filter>源文件</Filter>
    </ClCompile>
    <ClCompile Include="SysPath.cpp">
      <Filter>源文件</Filter>
    </ClCompile>
    <ClCompile Include="Log.cpp">
      <Filter>源文件</Filter>
    </ClCompile>
    <ClCompile Include="MD5.cpp">
      <Filter>源文件</Filter>
    </ClCompile>
    <ClCompile Include="StringUtil.cpp">
      <Filter>源文件</Filter>
    </ClCompile>
    <ClCompile Include="NetBroadcast.cpp">
      <Filter>源文件</Filter>
    </ClCompile>
    <ClCompile Include="NetFtp.cpp">
      <Filter>源文件</Filter>
    </ClCompile>
    <ClCompile Include="NetHttp.cpp">
      <Filter>源文件</Filter>
    </ClCompile>
    <ClCompile Include="NetSocket.cpp">
      <Filter>源文件</Filter>
    </ClCompile>
    <ClCompile Include="NetTcp.cpp">
      <Filter>源文件</Filter>
    </ClCompile>
    <ClCompile Include="NetUdp.cpp">
      <Filter>源文件</Filter>
    </ClCompile>
    <ClCompile Include="Network.cpp">
      <Filter>源文件</Filter>
    </ClCompile>
    <ClCompile Include="NIC.cpp">
      <Filter>源文件</Filter>
    </ClCompile>
    <ClCompile Include="Ping.cpp">
      <Filter>源文件</Filter>
    </ClCompile>
    <ClCompile Include="RegManager.cpp">
      <Filter>源文件</Filter>
    </ClCompile>
    <ClCompile Include="SystemInfo.cpp">
      <Filter>源文件</Filter>
    </ClCompile>
    <ClCompile Include="Utils.cpp">
      <Filter>源文件</Filter>
    </ClCompile>
    <ClCompile Include="FileUtil.cpp">
      <Filter>源文件</Filter>
    </ClCompile>
    <ClCompile Include="AES.cpp">
      <Filter>源文件</Filter>
    </ClCompile>
    <ClCompile Include="AESEncryptor.cpp">
      <Filter>源文件</Filter>
    </ClCompile>
    <ClCompile Include="Smtp.cpp">
      <Filter>源文件</Filter>
    </ClCompile>
    <ClCompile Include="HardDisk.cpp">
      <Filter>源文件</Filter>
    </ClCompile>
    <ClCompile Include="TimeUtil.cpp">
      <Filter>源文件</Filter>
    </ClCompile>
    <ClCompile Include="ClipboardUtil.cpp">
      <Filter>源文件</Filter>
    </ClCompile>
    <ClCompile Include="FileCrypto.cpp">
      <Filter>源文件</Filter>
    </ClCompile>
  </ItemGroup>
</Project>